// !$*UTF8*$!
{
	archiveVersion = 1;
	classes = {
	};
	objectVersion = 56;
	objects = {

/* Begin PBXBuildFile section */
		B0B908F52A99178C0000BFB4 /* Little_Lemon_s_dinersApp.swift in Sources */ = {isa = PBXBuildFile; fileRef = B0B908F42A99178C0000BFB4 /* Little_Lemon_s_dinersApp.swift */; };
		B0B908F72A99178C0000BFB4 /* ContentView.swift in Sources */ = {isa = PBXBuildFile; fileRef = B0B908F62A99178C0000BFB4 /* ContentView.swift */; };
		B0B908F92A99178F0000BFB4 /* Assets.xcassets in Resources */ = {isa = PBXBuildFile; fileRef = B0B908F82A99178F0000BFB4 /* Assets.xcassets */; };
		B0B908FC2A99178F0000BFB4 /* Preview Assets.xcassets in Resources */ = {isa = PBXBuildFile; fileRef = B0B908FB2A99178F0000BFB4 /* Preview Assets.xcassets */; };
		B0B909062A99178F0000BFB4 /* Little_Lemon_s_dinersTests.swift in Sources */ = {isa = PBXBuildFile; fileRef = B0B909052A99178F0000BFB4 /* Little_Lemon_s_dinersTests.swift */; };
		B0B909102A99178F0000BFB4 /* Little_Lemon_s_dinersUITests.swift in Sources */ = {isa = PBXBuildFile; fileRef = B0B9090F2A99178F0000BFB4 /* Little_Lemon_s_dinersUITests.swift */; };
		B0B909122A99178F0000BFB4 /* Little_Lemon_s_dinersUITestsLaunchTests.swift in Sources */ = {isa = PBXBuildFile; fileRef = B0B909112A99178F0000BFB4 /* Little_Lemon_s_dinersUITestsLaunchTests.swift */; };
/* End PBXBuildFile section */

/* Begin PBXContainerItemProxy section */
		B0B909022A99178F0000BFB4 /* PBXContainerItemProxy */ = {
			isa = PBXContainerItemProxy;
			containerPortal = B0B908E92A99178C0000BFB4 /* Project object */;
			proxyType = 1;
			remoteGlobalIDString = B0B908F02A99178C0000BFB4;
			remoteInfo = "Little Lemon's diners";
		};
		B0B9090C2A99178F0000BFB4 /* PBXContainerItemProxy */ = {
			isa = PBXContainerItemProxy;
			containerPortal = B0B908E92A99178C0000BFB4 /* Project object */;
			proxyType = 1;
			remoteGlobalIDString = B0B908F02A99178C0000BFB4;
			remoteInfo = "Little Lemon's diners";
		};
/* End PBXContainerItemProxy section */

/* Begin PBXFileReference section */
		B0B908F12A99178C0000BFB4 /* Little Lemon's diners.app */ = {isa = PBXFileReference; explicitFileType = wrapper.application; includeInIndex = 0; path = "Little Lemon's diners.app"; sourceTree = BUILT_PRODUCTS_DIR; };
		B0B908F42A99178C0000BFB4 /* Little_Lemon_s_dinersApp.swift */ = {isa = PBXFileReference; lastKnownFileType = sourcecode.swift; path = Little_Lemon_s_dinersApp.swift; sourceTree = "<group>"; };
		B0B908F62A99178C0000BFB4 /* ContentView.swift */ = {isa = PBXFileReference; lastKnownFileType = sourcecode.swift; path = ContentView.swift; sourceTree = "<group>"; };
		B0B908F82A99178F0000BFB4 /* Assets.xcassets */ = {isa = PBXFileReference; lastKnownFileType = folder.assetcatalog; path = Assets.xcassets; sourceTree = "<group>"; };
		B0B908FB2A99178F0000BFB4 /* Preview Assets.xcassets */ = {isa = PBXFileReference; lastKnownFileType = folder.assetcatalog; path = "Preview Assets.xcassets"; sourceTree = "<group>"; };
		B0B909012A99178F0000BFB4 /* Little Lemon's dinersTests.xctest */ = {isa = PBXFileReference; explicitFileType = wrapper.cfbundle; includeInIndex = 0; path = "Little Lemon's dinersTests.xctest"; sourceTree = BUILT_PRODUCTS_DIR; };
		B0B909052A99178F0000BFB4 /* Little_Lemon_s_dinersTests.swift */ = {isa = PBXFileReference; lastKnownFileType = sourcecode.swift; path = Little_Lemon_s_dinersTests.swift; sourceTree = "<group>"; };
		B0B9090B2A99178F0000BFB4 /* Little Lemon's dinersUITests.xctest */ = {isa = PBXFileReference; explicitFileType = wrapper.cfbundle; includeInIndex = 0; path = "Little Lemon's dinersUITests.xctest"; sourceTree = BUILT_PRODUCTS_DIR; };
		B0B9090F2A99178F0000BFB4 /* Little_Lemon_s_dinersUITests.swift */ = {isa = PBXFileReference; lastKnownFileType = sourcecode.swift; path = Little_Lemon_s_dinersUITests.swift; sourceTree = "<group>"; };
		B0B909112A99178F0000BFB4 /* Little_Lemon_s_dinersUITestsLaunchTests.swift */ = {isa = PBXFileReference; lastKnownFileType = sourcecode.swift; path = Little_Lemon_s_dinersUITestsLaunchTests.swift; sourceTree = "<group>"; };
/* End PBXFileReference section */

/* Begin PBXFrameworksBuildPhase section */
		B0B908EE2A99178C0000BFB4 /* Frameworks */ = {
			isa = PBXFrameworksBuildPhase;
			buildActionMask = 2147483647;
			files = (
			);
			runOnlyForDeploymentPostprocessing = 0;
		};
		B0B908FE2A99178F0000BFB4 /* Frameworks */ = {
			isa = PBXFrameworksBuildPhase;
			buildActionMask = 2147483647;
			files = (
			);
			runOnlyForDeploymentPostprocessing = 0;
		};
		B0B909082A99178F0000BFB4 /* Frameworks */ = {
			isa = PBXFrameworksBuildPhase;
			buildActionMask = 2147483647;
			files = (
			);
			runOnlyForDeploymentPostprocessing = 0;
		};
/* End PBXFrameworksBuildPhase section */

/* Begin PBXGroup section */
		B0B908E82A99178C0000BFB4 = {
			isa = PBXGroup;
			children = (
				B0B908F32A99178C0000BFB4 /* Little Lemon's diners */,
				B0B909042A99178F0000BFB4 /* Little Lemon's dinersTests */,
				B0B9090E2A99178F0000BFB4 /* Little Lemon's dinersUITests */,
				B0B908F22A99178C0000BFB4 /* Products */,
			);
			sourceTree = "<group>";
		};
		B0B908F22A99178C0000BFB4 /* Products */ = {
			isa = PBXGroup;
			children = (
				B0B908F12A99178C0000BFB4 /* Little Lemon's diners.app */,
				B0B909012A99178F0000BFB4 /* Little Lemon's dinersTests.xctest */,
				B0B9090B2A99178F0000BFB4 /* Little Lemon's dinersUITests.xctest */,
			);
			name = Products;
			sourceTree = "<group>";
		};
		B0B908F32A99178C0000BFB4 /* Little Lemon's diners */ = {
			isa = PBXGroup;
			children = (
				B0B908F42A99178C0000BFB4 /* Little_Lemon_s_dinersApp.swift */,
				B0B908F62A99178C0000BFB4 /* ContentView.swift */,
				B0B908F82A99178F0000BFB4 /* Assets.xcassets */,
				B0B908FA2A99178F0000BFB4 /* Preview Content */,
			);
			path = "Little Lemon's diners";
			sourceTree = "<group>";
		};
		B0B908FA2A99178F0000BFB4 /* Preview Content */ = {
			isa = PBXGroup;
			children = (
				B0B908FB2A99178F0000BFB4 /* Preview Assets.xcassets */,
			);
			path = "Preview Content";
			sourceTree = "<group>";
		};
		B0B909042A99178F0000BFB4 /* Little Lemon's dinersTests */ = {
			isa = PBXGroup;
			children = (
				B0B909052A99178F0000BFB4 /* Little_Lemon_s_dinersTests.swift */,
			);
			path = "Little Lemon's dinersTests";
			sourceTree = "<group>";
		};
		B0B9090E2A99178F0000BFB4 /* Little Lemon's dinersUITests */ = {
			isa = PBXGroup;
			children = (
				B0B9090F2A99178F0000BFB4 /* Little_Lemon_s_dinersUITests.swift */,
				B0B909112A99178F0000BFB4 /* Little_Lemon_s_dinersUITestsLaunchTests.swift */,
			);
			path = "Little Lemon's dinersUITests";
			sourceTree = "<group>";
		};
/* End PBXGroup section */

/* Begin PBXNativeTarget section */
		B0B908F02A99178C0000BFB4 /* Little Lemon's diners */ = {
			isa = PBXNativeTarget;
			buildConfigurationList = B0B909152A9917900000BFB4 /* Build configuration list for PBXNativeTarget "Little Lemon's diners" */;
			buildPhases = (
				B0B908ED2A99178C0000BFB4 /* Sources */,
				B0B908EE2A99178C0000BFB4 /* Frameworks */,
				B0B908EF2A99178C0000BFB4 /* Resources */,
			);
			buildRules = (
			);
			dependencies = (
			);
			name = "Little Lemon's diners";
			productName = "Little Lemon's diners";
			productReference = B0B908F12A99178C0000BFB4 /* Little Lemon's diners.app */;
			productType = "com.apple.product-type.application";
		};
		B0B909002A99178F0000BFB4 /* Little Lemon's dinersTests */ = {
			isa = PBXNativeTarget;
			buildConfigurationList = B0B909182A9917900000BFB4 /* Build configuration list for PBXNativeTarget "Little Lemon's dinersTests" */;
			buildPhases = (
				B0B908FD2A99178F0000BFB4 /* Sources */,
				B0B908FE2A99178F0000BFB4 /* Frameworks */,
				B0B908FF2A99178F0000BFB4 /* Resources */,
			);
			buildRules = (
			);
			dependencies = (
				B0B909032A99178F0000BFB4 /* PBXTargetDependency */,
			);
			name = "Little Lemon's dinersTests";
			productName = "Little Lemon's dinersTests";
			productReference = B0B909012A99178F0000BFB4 /* Little Lemon's dinersTests.xctest */;
			productType = "com.apple.product-type.bundle.unit-test";
		};
		B0B9090A2A99178F0000BFB4 /* Little Lemon's dinersUITests */ = {
			isa = PBXNativeTarget;
			buildConfigurationList = B0B9091B2A9917900000BFB4 /* Build configuration list for PBXNativeTarget "Little Lemon's dinersUITests" */;
			buildPhases = (
				B0B909072A99178F0000BFB4 /* Sources */,
				B0B909082A99178F0000BFB4 /* Frameworks */,
				B0B909092A99178F0000BFB4 /* Resources */,
			);
			buildRules = (
			);
			dependencies = (
				B0B9090D2A99178F0000BFB4 /* PBXTargetDependency */,
			);
			name = "Little Lemon's dinersUITests";
			productName = "Little Lemon's dinersUITests";
			productReference = B0B9090B2A99178F0000BFB4 /* Little Lemon's dinersUITests.xctest */;
			productType = "com.apple.product-type.bundle.ui-testing";
		};
/* End PBXNativeTarget section */

/* Begin PBXProject section */
		B0B908E92A99178C0000BFB4 /* Project object */ = {
			isa = PBXProject;
			attributes = {
				BuildIndependentTargetsInParallel = 1;
				LastSwiftUpdateCheck = 1430;
				LastUpgradeCheck = 1430;
				TargetAttributes = {
					B0B908F02A99178C0000BFB4 = {
						CreatedOnToolsVersion = 14.3.1;
					};
					B0B909002A99178F0000BFB4 = {
						CreatedOnToolsVersion = 14.3.1;
						TestTargetID = B0B908F02A99178C0000BFB4;
					};
					B0B9090A2A99178F0000BFB4 = {
						CreatedOnToolsVersion = 14.3.1;
						TestTargetID = B0B908F02A99178C0000BFB4;
					};
				};
			};
			buildConfigurationList = B0B908EC2A99178C0000BFB4 /* Build configuration list for PBXProject "Little Lemon's diners" */;
			compatibilityVersion = "Xcode 14.0";
			developmentRegion = en;
			hasScannedForEncodings = 0;
			knownRegions = (
				en,
				Base,
			);
			mainGroup = B0B908E82A99178C0000BFB4;
			productRefGroup = B0B908F22A99178C0000BFB4 /* Products */;
			projectDirPath = "";
			projectRoot = "";
			targets = (
				B0B908F02A99178C0000BFB4 /* Little Lemon's diners */,
				B0B909002A99178F0000BFB4 /* Little Lemon's dinersTests */,
				B0B9090A2A99178F0000BFB4 /* Little Lemon's dinersUITests */,
			);
		};
/* End PBXProject section */

/* Begin PBXResourcesBuildPhase section */
		B0B908EF2A99178C0000BFB4 /* Resources */ = {
			isa = PBXResourcesBuildPhase;
			buildActionMask = 2147483647;
			files = (
				B0B908FC2A99178F0000BFB4 /* Preview Assets.xcassets in Resources */,
				B0B908F92A99178F0000BFB4 /* Assets.xcassets in Resources */,
			);
			runOnlyForDeploymentPostprocessing = 0;
		};
		B0B908FF2A99178F0000BFB4 /* Resources */ = {
			isa = PBXResourcesBuildPhase;
			buildActionMask = 2147483647;
			files = (
			);
			runOnlyForDeploymentPostprocessing = 0;
		};
		B0B909092A99178F0000BFB4 /* Resources */ = {
			isa = PBXResourcesBuildPhase;
			buildActionMask = 2147483647;
			files = (
			);
			runOnlyForDeploymentPostprocessing = 0;
		};
/* End PBXResourcesBuildPhase section */

/* Begin PBXSourcesBuildPhase section */
		B0B908ED2A99178C0000BFB4 /* Sources */ = {
			isa = PBXSourcesBuildPhase;
			buildActionMask = 2147483647;
			files = (
				B0B908F72A99178C0000BFB4 /* ContentView.swift in Sources */,
				B0B908F52A99178C0000BFB4 /* Little_Lemon_s_dinersApp.swift in Sources */,
			);
			runOnlyForDeploymentPostprocessing = 0;
		};
		B0B908FD2A99178F0000BFB4 /* Sources */ = {
			isa = PBXSourcesBuildPhase;
			buildActionMask = 2147483647;
			files = (
				B0B909062A99178F0000BFB4 /* Little_Lemon_s_dinersTests.swift in Sources */,
			);
			runOnlyForDeploymentPostprocessing = 0;
		};
		B0B909072A99178F0000BFB4 /* Sources */ = {
			isa = PBXSourcesBuildPhase;
			buildActionMask = 2147483647;
			files = (
				B0B909102A99178F0000BFB4 /* Little_Lemon_s_dinersUITests.swift in Sources */,
				B0B909122A99178F0000BFB4 /* Little_Lemon_s_dinersUITestsLaunchTests.swift in Sources */,
			);
			runOnlyForDeploymentPostprocessing = 0;
		};
/* End PBXSourcesBuildPhase section */

/* Begin PBXTargetDependency section */
		B0B909032A99178F0000BFB4 /* PBXTargetDependency */ = {
			isa = PBXTargetDependency;
			target = B0B908F02A99178C0000BFB4 /* Little Lemon's diners */;
			targetProxy = B0B909022A99178F0000BFB4 /* PBXContainerItemProxy */;
		};
		B0B9090D2A99178F0000BFB4 /* PBXTargetDependency */ = {
			isa = PBXTargetDependency;
			target = B0B908F02A99178C0000BFB4 /* Little Lemon's diners */;
			targetProxy = B0B9090C2A99178F0000BFB4 /* PBXContainerItemProxy */;
		};
/* End PBXTargetDependency section */

/* Begin XCBuildConfiguration section */
		B0B909132A99178F0000BFB4 /* Debug */ = {
			isa = XCBuildConfiguration;
			buildSettings = {
				ALWAYS_SEARCH_USER_PATHS = NO;
				CLANG_ANALYZER_NONNULL = YES;
				CLANG_ANALYZER_NUMBER_OBJECT_CONVERSION = YES_AGGRESSIVE;
				CLANG_CXX_LANGUAGE_STANDARD = "gnu++20";
				CLANG_ENABLE_MODULES = YES;
				CLANG_ENABLE_OBJC_ARC = YES;
				CLANG_ENABLE_OBJC_WEAK = YES;
				CLANG_WARN_BLOCK_CAPTURE_AUTORELEASING = YES;
				CLANG_WARN_BOOL_CONVERSION = YES;
				CLANG_WARN_COMMA = YES;
				CLANG_WARN_CONSTANT_CONVERSION = YES;
				CLANG_WARN_DEPRECATED_OBJC_IMPLEMENTATIONS = YES;
				CLANG_WARN_DIRECT_OBJC_ISA_USAGE = YES_ERROR;
				CLANG_WARN_DOCUMENTATION_COMMENTS = YES;
				CLANG_WARN_EMPTY_BODY = YES;
				CLANG_WARN_ENUM_CONVERSION = YES;
				CLANG_WARN_INFINITE_RECURSION = YES;
				CLANG_WARN_INT_CONVERSION = YES;
				CLANG_WARN_NON_LITERAL_NULL_CONVERSION = YES;
				CLANG_WARN_OBJC_IMPLICIT_RETAIN_SELF = YES;
				CLANG_WARN_OBJC_LITERAL_CONVERSION = YES;
				CLANG_WARN_OBJC_ROOT_CLASS = YES_ERROR;
				CLANG_WARN_QUOTED_INCLUDE_IN_FRAMEWORK_HEADER = YES;
				CLANG_WARN_RANGE_LOOP_ANALYSIS = YES;
				CLANG_WARN_STRICT_PROTOTYPES = YES;
				CLANG_WARN_SUSPICIOUS_MOVE = YES;
				CLANG_WARN_UNGUARDED_AVAILABILITY = YES_AGGRESSIVE;
				CLANG_WARN_UNREACHABLE_CODE = YES;
				CLANG_WARN__DUPLICATE_METHOD_MATCH = YES;
				COPY_PHASE_STRIP = NO;
				DEBUG_INFORMATION_FORMAT = dwarf;
				ENABLE_STRICT_OBJC_MSGSEND = YES;
				ENABLE_TESTABILITY = YES;
				GCC_C_LANGUAGE_STANDARD = gnu11;
				GCC_DYNAMIC_NO_PIC = NO;
				GCC_NO_COMMON_BLOCKS = YES;
				GCC_OPTIMIZATION_LEVEL = 0;
				GCC_PREPROCESSOR_DEFINITIONS = (
					"DEBUG=1",
					"$(inherited)",
				);
				GCC_WARN_64_TO_32_BIT_CONVERSION = YES;
				GCC_WARN_ABOUT_RETURN_TYPE = YES_ERROR;
				GCC_WARN_UNDECLARED_SELECTOR = YES;
				GCC_WARN_UNINITIALIZED_AUTOS = YES_AGGRESSIVE;
				GCC_WARN_UNUSED_FUNCTION = YES;
				GCC_WARN_UNUSED_VARIABLE = YES;
				IPHONEOS_DEPLOYMENT_TARGET = 16.4;
				MTL_ENABLE_DEBUG_INFO = INCLUDE_SOURCE;
				MTL_FAST_MATH = YES;
				ONLY_ACTIVE_ARCH = YES;
				SDKROOT = iphoneos;
				SWIFT_ACTIVE_COMPILATION_CONDITIONS = DEBUG;
				SWIFT_OPTIMIZATION_LEVEL = "-Onone";
			};
			name = Debug;
		};
		B0B909142A99178F0000BFB4 /* Release */ = {
			isa = XCBuildConfiguration;
			buildSettings = {
				ALWAYS_SEARCH_USER_PATHS = NO;
				CLANG_ANALYZER_NONNULL = YES;
				CLANG_ANALYZER_NUMBER_OBJECT_CONVERSION = YES_AGGRESSIVE;
				CLANG_CXX_LANGUAGE_STANDARD = "gnu++20";
				CLANG_ENABLE_MODULES = YES;
				CLANG_ENABLE_OBJC_ARC = YES;
				CLANG_ENABLE_OBJC_WEAK = YES;
				CLANG_WARN_BLOCK_CAPTURE_AUTORELEASING = YES;
				CLANG_WARN_BOOL_CONVERSION = YES;
				CLANG_WARN_COMMA = YES;
				CLANG_WARN_CONSTANT_CONVERSION = YES;
				CLANG_WARN_DEPRECATED_OBJC_IMPLEMENTATIONS = YES;
				CLANG_WARN_DIRECT_OBJC_ISA_USAGE = YES_ERROR;
				CLANG_WARN_DOCUMENTATION_COMMENTS = YES;
				CLANG_WARN_EMPTY_BODY = YES;
				CLANG_WARN_ENUM_CONVERSION = YES;
				CLANG_WARN_INFINITE_RECURSION = YES;
				CLANG_WARN_INT_CONVERSION = YES;
				CLANG_WARN_NON_LITERAL_NULL_CONVERSION = YES;
				CLANG_WARN_OBJC_IMPLICIT_RETAIN_SELF = YES;
				CLANG_WARN_OBJC_LITERAL_CONVERSION = YES;
				CLANG_WARN_OBJC_ROOT_CLASS = YES_ERROR;
				CLANG_WARN_QUOTED_INCLUDE_IN_FRAMEWORK_HEADER = YES;
				CLANG_WARN_RANGE_LOOP_ANALYSIS = YES;
				CLANG_WARN_STRICT_PROTOTYPES = YES;
				CLANG_WARN_SUSPICIOUS_MOVE = YES;
				CLANG_WARN_UNGUARDED_AVAILABILITY = YES_AGGRESSIVE;
				CLANG_WARN_UNREACHABLE_CODE = YES;
				CLANG_WARN__DUPLICATE_METHOD_MATCH = YES;
				COPY_PHASE_STRIP = NO;
				DEBUG_INFORMATION_FORMAT = "dwarf-with-dsym";
				ENABLE_NS_ASSERTIONS = NO;
				ENABLE_STRICT_OBJC_MSGSEND = YES;
				GCC_C_LANGUAGE_STANDARD = gnu11;
				GCC_NO_COMMON_BLOCKS = YES;
				GCC_WARN_64_TO_32_BIT_CONVERSION = YES;
				GCC_WARN_ABOUT_RETURN_TYPE = YES_ERROR;
				GCC_WARN_UNDECLARED_SELECTOR = YES;
				GCC_WARN_UNINITIALIZED_AUTOS = YES_AGGRESSIVE;
				GCC_WARN_UNUSED_FUNCTION = YES;
				GCC_WARN_UNUSED_VARIABLE = YES;
				IPHONEOS_DEPLOYMENT_TARGET = 16.4;
				MTL_ENABLE_DEBUG_INFO = NO;
				MTL_FAST_MATH = YES;
				SDKROOT = iphoneos;
				SWIFT_COMPILATION_MODE = wholemodule;
				SWIFT_OPTIMIZATION_LEVEL = "-O";
				VALIDATE_PRODUCT = YES;
			};
			name = Release;
		};
		B0B909162A9917900000BFB4 /* Debug */ = {
			isa = XCBuildConfiguration;
			buildSettings = {
				ASSETCATALOG_COMPILER_APPICON_NAME = AppIcon;
				ASSETCATALOG_COMPILER_GLOBAL_ACCENT_COLOR_NAME = AccentColor;
				CODE_SIGN_STYLE = Automatic;
				CURRENT_PROJECT_VERSION = 1;
				DEVELOPMENT_ASSET_PATHS = "\"Little Lemon's diners/Preview Content\"";
				ENABLE_PREVIEWS = YES;
				GENERATE_INFOPLIST_FILE = YES;
				INFOPLIST_KEY_UIApplicationSceneManifest_Generation = YES;
				INFOPLIST_KEY_UIApplicationSupportsIndirectInputEvents = YES;
				INFOPLIST_KEY_UILaunchScreen_Generation = YES;
				INFOPLIST_KEY_UISupportedInterfaceOrientations_iPad = "UIInterfaceOrientationPortrait UIInterfaceOrientationPortraitUpsideDown UIInterfaceOrientationLandscapeLeft UIInterfaceOrientationLandscapeRight";
				INFOPLIST_KEY_UISupportedInterfaceOrientations_iPhone = "UIInterfaceOrientationPortrait UIInterfaceOrientationLandscapeLeft UIInterfaceOrientationLandscapeRight";
				LD_RUNPATH_SEARCH_PATHS = (
					"$(inherited)",
					"@executable_path/Frameworks",
				);
				MARKETING_VERSION = 1.0;
				PRODUCT_BUNDLE_IDENTIFIER = "cv5.coursera.Little-Lemon-s-diners";
				PRODUCT_NAME = "$(TARGET_NAME)";
				SWIFT_EMIT_LOC_STRINGS = YES;
				SWIFT_VERSION = 5.0;
				TARGETED_DEVICE_FAMILY = "1,2";
			};
			name = Debug;
		};
		B0B909172A9917900000BFB4 /* Release */ = {
			isa = XCBuildConfiguration;
			buildSettings = {
				ASSETCATALOG_COMPILER_APPICON_NAME = AppIcon;
				ASSETCATALOG_COMPILER_GLOBAL_ACCENT_COLOR_NAME = AccentColor;
				CODE_SIGN_STYLE = Automatic;
				CURRENT_PROJECT_VERSION = 1;
				DEVELOPMENT_ASSET_PATHS = "\"Little Lemon's diners/Preview Content\"";
				ENABLE_PREVIEWS = YES;
				GENERATE_INFOPLIST_FILE = YES;
				INFOPLIST_KEY_UIApplicationSceneManifest_Generation = YES;
				INFOPLIST_KEY_UIApplicationSupportsIndirectInputEvents = YES;
				INFOPLIST_KEY_UILaunchScreen_Generation = YES;
				INFOPLIST_KEY_UISupportedInterfaceOrientations_iPad = "UIInterfaceOrientationPortrait UIInterfaceOrientationPortraitUpsideDown UIInterfaceOrientationLandscapeLeft UIInterfaceOrientationLandscapeRight";
				INFOPLIST_KEY_UISupportedInterfaceOrientations_iPhone = "UIInterfaceOrientationPortrait UIInterfaceOrientationLandscapeLeft UIInterfaceOrientationLandscapeRight";
				LD_RUNPATH_SEARCH_PATHS = (
					"$(inherited)",
					"@executable_path/Frameworks",
				);
				MARKETING_VERSION = 1.0;
				PRODUCT_BUNDLE_IDENTIFIER = "cv5.coursera.Little-Lemon-s-diners";
				PRODUCT_NAME = "$(TARGET_NAME)";
				SWIFT_EMIT_LOC_STRINGS = YES;
				SWIFT_VERSION = 5.0;
				TARGETED_DEVICE_FAMILY = "1,2";
			};
			name = Release;
		};
		B0B909192A9917900000BFB4 /* Debug */ = {
			isa = XCBuildConfiguration;
			buildSettings = {
				ALWAYS_EMBED_SWIFT_STANDARD_LIBRARIES = YES;
				BUNDLE_LOADER = "$(TEST_HOST)";
				CODE_SIGN_STYLE = Automatic;
				CURRENT_PROJECT_VERSION = 1;
				GENERATE_INFOPLIST_FILE = YES;
				IPHONEOS_DEPLOYMENT_TARGET = 16.4;
				MARKETING_VERSION = 1.0;
				PRODUCT_BUNDLE_IDENTIFIER = "cv5.coursera.Little-Lemon-s-dinersTests";
				PRODUCT_NAME = "$(TARGET_NAME)";
				SWIFT_EMIT_LOC_STRINGS = NO;
				SWIFT_VERSION = 5.0;
				TARGETED_DEVICE_FAMILY = "1,2";
				TEST_HOST = "$(BUILT_PRODUCTS_DIR)/Little Lemon's diners.app/$(BUNDLE_EXECUTABLE_FOLDER_PATH)/Little Lemon's diners";
			};
			name = Debug;
		};
		B0B9091A2A9917900000BFB4 /* Release */ = {
			isa = XCBuildConfiguration;
			buildSettings = {
				ALWAYS_EMBED_SWIFT_STANDARD_LIBRARIES = YES;
				BUNDLE_LOADER = "$(TEST_HOST)";
				CODE_SIGN_STYLE = Automatic;
				CURRENT_PROJECT_VERSION = 1;
				GENERATE_INFOPLIST_FILE = YES;
				IPHONEOS_DEPLOYMENT_TARGET = 16.4;
				MARKETING_VERSION = 1.0;
				PRODUCT_BUNDLE_IDENTIFIER = "cv5.coursera.Little-Lemon-s-dinersTests";
				PRODUCT_NAME = "$(TARGET_NAME)";
				SWIFT_EMIT_LOC_STRINGS = NO;
				SWIFT_VERSION = 5.0;
				TARGETED_DEVICE_FAMILY = "1,2";
				TEST_HOST = "$(BUILT_PRODUCTS_DIR)/Little Lemon's diners.app/$(BUNDLE_EXECUTABLE_FOLDER_PATH)/Little Lemon's diners";
			};
			name = Release;
		};
		B0B9091C2A9917900000BFB4 /* Debug */ = {
			isa = XCBuildConfiguration;
			buildSettings = {
				ALWAYS_EMBED_SWIFT_STANDARD_LIBRARIES = YES;
				CODE_SIGN_STYLE = Automatic;
				CURRENT_PROJECT_VERSION = 1;
				GENERATE_INFOPLIST_FILE = YES;
				MARKETING_VERSION = 1.0;
				PRODUCT_BUNDLE_IDENTIFIER = "cv5.coursera.Little-Lemon-s-dinersUITests";
				PRODUCT_NAME = "$(TARGET_NAME)";
				SWIFT_EMIT_LOC_STRINGS = NO;
				SWIFT_VERSION = 5.0;
				TARGETED_DEVICE_FAMILY = "1,2";
				TEST_TARGET_NAME = "Little Lemon's diners";
			};
			name = Debug;
		};
		B0B9091D2A9917900000BFB4 /* Release */ = {
			isa = XCBuildConfiguration;
			buildSettings = {
				ALWAYS_EMBED_SWIFT_STANDARD_LIBRARIES = YES;
				CODE_SIGN_STYLE = Automatic;
				CURRENT_PROJECT_VERSION = 1;
				GENERATE_INFOPLIST_FILE = YES;
				MARKETING_VERSION = 1.0;
				PRODUCT_BUNDLE_IDENTIFIER = "cv5.coursera.Little-Lemon-s-dinersUITests";
				PRODUCT_NAME = "$(TARGET_NAME)";
				SWIFT_EMIT_LOC_STRINGS = NO;
				SWIFT_VERSION = 5.0;
				TARGETED_DEVICE_FAMILY = "1,2";
				TEST_TARGET_NAME = "Little Lemon's diners";
			};
			name = Release;
		};
/* End XCBuildConfiguration section */

/* Begin XCConfigurationList section */
		B0B908EC2A99178C0000BFB4 /* Build configuration list for PBXProject "Little Lemon's diners" */ = {
			isa = XCConfigurationList;
			buildConfigurations = (
				B0B909132A99178F0000BFB4 /* Debug */,
				B0B909142A99178F0000BFB4 /* Release */,
			);
			defaultConfigurationIsVisible = 0;
			defaultConfigurationName = Release;
		};
		B0B909152A9917900000BFB4 /* Build configuration list for PBXNativeTarget "Little Lemon's diners" */ = {
			isa = XCConfigurationList;
			buildConfigurations = (
				B0B909162A9917900000BFB4 /* Debug */,
				B0B909172A9917900000BFB4 /* Release */,
			);
			defaultConfigurationIsVisible = 0;
			defaultConfigurationName = Release;
		};
		B0B909182A9917900000BFB4 /* Build configuration list for PBXNativeTarget "Little Lemon's dinersTests" */ = {
			isa = XCConfigurationList;
			buildConfigurations = (
				B0B909192A9917900000BFB4 /* Debug */,
				B0B9091A2A9917900000BFB4 /* Release */,
			);
			defaultConfigurationIsVisible = 0;
			defaultConfigurationName = Release;
		};
		B0B9091B2A9917900000BFB4 /* Build configuration list for PBXNativeTarget "Little Lemon's dinersUITests" */ = {
			isa = XCConfigurationList;
			buildConfigurations = (
				B0B9091C2A9917900000BFB4 /* Debug */,
				B0B9091D2A9917900000BFB4 /* Release */,
			);
			defaultConfigurationIsVisible = 0;
			defaultConfigurationName = Release;
		};
/* End XCConfigurationList section */
	};
	rootObject = B0B908E92A99178C0000BFB4 /* Project object */;
}
